{
  "name": "meetingcompanion",
  "version": "1.0.0",
  "lockfileVersion": 2,
  "requires": true,
  "packages": {
    "": {
      "name": "meetingcompanion",
      "version": "1.0.0",
      "license": "ISC",
      "dependencies": {
        "@huggingface/inference": "^2.8.1",
        "dotenv": "^16.4.7"
      }
    },
    "node_modules/@huggingface/inference": {
      "version": "2.8.1",
      "resolved": "https://registry.npmjs.org/@huggingface/inference/-/inference-2.8.1.tgz",
      "integrity": "sha512-EfsNtY9OR6JCNaUa5bZu2mrs48iqeTz0Gutwf+fU0Kypx33xFQB4DKMhp8u4Ee6qVbLbNWvTHuWwlppLQl4p4Q==",
      "dependencies": {
        "@huggingface/tasks": "^0.12.9"
      },
      "engines": {
        "node": ">=18"
      }
    },
    "node_modules/@huggingface/tasks": {
      "version": "0.12.30",
      "resolved": "https://registry.npmjs.org/@huggingface/tasks/-/tasks-0.12.30.tgz",
      "integrity": "sha512-A1ITdxbEzx9L8wKR8pF7swyrTLxWNDFIGDLUWInxvks2ruQ8PLRBZe8r0EcjC3CDdtlj9jV1V4cgV35K/iy3GQ=="
    },
    "node_modules/dotenv": {
      "version": "16.4.7",
      "resolved": "https://registry.npmjs.org/dotenv/-/dotenv-16.4.7.tgz",
      "integrity": "sha512-47qPchRCykZC03FhkYAhrvwU4xDBFIj1QPqaarj6mdM/hgUzfPHcpkHJOn3mJAufFeeAxAzeGsr5X0M4k6fLZQ==",
      "engines": {
        "node": ">=12"
      },
      "funding": {
        "url": "https://dotenvx.com"
      }
    }
  },
  "dependencies": {
    "@huggingface/inference": {
      "version": "2.8.1",
      "resolved": "https://registry.npmjs.org/@huggingface/inference/-/inference-2.8.1.tgz",
      "integrity": "sha512-EfsNtY9OR6JCNaUa5bZu2mrs48iqeTz0Gutwf+fU0Kypx33xFQB4DKMhp8u4Ee6qVbLbNWvTHuWwlppLQl4p4Q==",
      "requires": {
        "@huggingface/tasks": "^0.12.9"
      }
    },
    "@huggingface/tasks": {
      "version": "0.12.30",
      "resolved": "https://registry.npmjs.org/@huggingface/tasks/-/tasks-0.12.30.tgz",
      "integrity": "sha512-A1ITdxbEzx9L8wKR8pF7swyrTLxWNDFIGDLUWInxvks2ruQ8PLRBZe8r0EcjC3CDdtlj9jV1V4cgV35K/iy3GQ=="
    },
    "dotenv": {
      "version": "16.4.7",
      "resolved": "https://registry.npmjs.org/dotenv/-/dotenv-16.4.7.tgz",
      "integrity": "sha512-47qPchRCykZC03FhkYAhrvwU4xDBFIj1QPqaarj6mdM/hgUzfPHcpkHJOn3mJAufFeeAxAzeGsr5X0M4k6fLZQ=="
    }
  }
}
